// !$*UTF8*$!
{
	archiveVersion = 1;
	classes = {
	};
	objectVersion = 46;
	objects = {

/* Begin PBXBuildFile section */
		DD0ABE281AE3452A00FEBBFA /* CoreData.framework in Frameworks */ = {isa = PBXBuildFile; fileRef = DD0ABE271AE3452A00FEBBFA /* CoreData.framework */; };
		DD0ABE2B1AE3458300FEBBFA /* NoshNosh.xcdatamodeld in Sources */ = {isa = PBXBuildFile; fileRef = DD0ABE291AE3458300FEBBFA /* NoshNosh.xcdatamodeld */; };
		DD0ABE2D1AE348E400FEBBFA /* RestaurantItem.swift in Sources */ = {isa = PBXBuildFile; fileRef = DD0ABE2C1AE348E400FEBBFA /* RestaurantItem.swift */; };
		DD39556B1ADB5A19004F4D3E /* DataManager.swift in Sources */ = {isa = PBXBuildFile; fileRef = DD39556A1ADB5A19004F4D3E /* DataManager.swift */; };
		DD39556F1ADB5E04004F4D3E /* SwiftyJSON.swift in Sources */ = {isa = PBXBuildFile; fileRef = DD39556E1ADB5E04004F4D3E /* SwiftyJSON.swift */; };
		DD3955701ADB5E04004F4D3E /* SwiftyJSON.swift in Sources */ = {isa = PBXBuildFile; fileRef = DD39556E1ADB5E04004F4D3E /* SwiftyJSON.swift */; };
		DD50A2041AE4791300DBA06A /* PKHUD.swift in Sources */ = {isa = PBXBuildFile; fileRef = DD50A1F91AE4791200DBA06A /* PKHUD.swift */; };
		DD50A2051AE4791300DBA06A /* PKHUDAssets.swift in Sources */ = {isa = PBXBuildFile; fileRef = DD50A1FA1AE4791200DBA06A /* PKHUDAssets.swift */; };
		DD50A2061AE4791300DBA06A /* PKHUDContentView.swift in Sources */ = {isa = PBXBuildFile; fileRef = DD50A1FB1AE4791200DBA06A /* PKHUDContentView.swift */; };
		DD50A2071AE4791300DBA06A /* FrameView.swift in Sources */ = {isa = PBXBuildFile; fileRef = DD50A1FC1AE4791200DBA06A /* FrameView.swift */; };
		DD50A2081AE4791300DBA06A /* Window.swift in Sources */ = {isa = PBXBuildFile; fileRef = DD50A1FD1AE4791200DBA06A /* Window.swift */; };
		DD50A2091AE4791300DBA06A /* WindowRootViewController.swift in Sources */ = {isa = PBXBuildFile; fileRef = DD50A1FE1AE4791200DBA06A /* WindowRootViewController.swift */; };
		DD50A20A1AE4791300DBA06A /* Images.xcassets in Resources */ = {isa = PBXBuildFile; fileRef = DD50A2001AE4791200DBA06A /* Images.xcassets */; };
		DD50A20B1AE4791300DBA06A /* Info.plist in Resources */ = {isa = PBXBuildFile; fileRef = DD50A2011AE4791200DBA06A /* Info.plist */; };
		DD62107E1AD577CB005F9629 /* Restaurant.swift in Sources */ = {isa = PBXBuildFile; fileRef = DD62107D1AD577CB005F9629 /* Restaurant.swift */; };
		DD6BFBB21ADE3642000D0D1A /* RestaurantViewController.swift in Sources */ = {isa = PBXBuildFile; fileRef = DD6BFBB11ADE3642000D0D1A /* RestaurantViewController.swift */; };
		DD72F4851AD6465C00E8C7FE /* NavigationController.swift in Sources */ = {isa = PBXBuildFile; fileRef = DD72F4841AD6465C00E8C7FE /* NavigationController.swift */; };
		DD97E57F1AD4F4B0007E8DAD /* UIColorConverter.swift in Sources */ = {isa = PBXBuildFile; fileRef = DD97E57E1AD4F4B0007E8DAD /* UIColorConverter.swift */; };
		DDA4DA321AD7AE5E001067D3 /* RestaurantTableCell.swift in Sources */ = {isa = PBXBuildFile; fileRef = DDA4DA311AD7AE5E001067D3 /* RestaurantTableCell.swift */; };
		DDA4DA341AD7C36F001067D3 /* EventsTableCell.swift in Sources */ = {isa = PBXBuildFile; fileRef = DDA4DA331AD7C36F001067D3 /* EventsTableCell.swift */; };
		DDA4DA361AD7C3B0001067D3 /* eventsTableCell.xib in Resources */ = {isa = PBXBuildFile; fileRef = DDA4DA351AD7C3B0001067D3 /* eventsTableCell.xib */; };
		DDA4DA381AD7C800001067D3 /* Event.swift in Sources */ = {isa = PBXBuildFile; fileRef = DDA4DA371AD7C800001067D3 /* Event.swift */; };
		DDACE2171AD0A02000C65558 /* AppDelegate.swift in Sources */ = {isa = PBXBuildFile; fileRef = DDACE2161AD0A02000C65558 /* AppDelegate.swift */; };
		DDACE2191AD0A02000C65558 /* LandingPageViewController.swift in Sources */ = {isa = PBXBuildFile; fileRef = DDACE2181AD0A02000C65558 /* LandingPageViewController.swift */; };
		DDACE21C1AD0A02000C65558 /* Main.storyboard in Resources */ = {isa = PBXBuildFile; fileRef = DDACE21A1AD0A02000C65558 /* Main.storyboard */; };
		DDACE21E1AD0A02000C65558 /* Images.xcassets in Resources */ = {isa = PBXBuildFile; fileRef = DDACE21D1AD0A02000C65558 /* Images.xcassets */; };
		DDACE2211AD0A02000C65558 /* LaunchScreen.xib in Resources */ = {isa = PBXBuildFile; fileRef = DDACE21F1AD0A02000C65558 /* LaunchScreen.xib */; };
		DDACE22D1AD0A02000C65558 /* NoshNoshTests.swift in Sources */ = {isa = PBXBuildFile; fileRef = DDACE22C1AD0A02000C65558 /* NoshNoshTests.swift */; };
		DDACE2371AD0A4B900C65558 /* RestaurantListMasterViewController.swift in Sources */ = {isa = PBXBuildFile; fileRef = DDACE2361AD0A4B900C65558 /* RestaurantListMasterViewController.swift */; };
		DDACE2391AD10FC100C65558 /* DrinksDishesListMasterViewController.swift in Sources */ = {isa = PBXBuildFile; fileRef = DDACE2381AD10FC100C65558 /* DrinksDishesListMasterViewController.swift */; };
		DDACE23B1AD1102E00C65558 /* EventsSpecialListMasterViewController.swift in Sources */ = {isa = PBXBuildFile; fileRef = DDACE23A1AD1102E00C65558 /* EventsSpecialListMasterViewController.swift */; };
		DDACE23D1AD1105600C65558 /* SurpriseMeViewController.swift in Sources */ = {isa = PBXBuildFile; fileRef = DDACE23C1AD1105600C65558 /* SurpriseMeViewController.swift */; };
		DDC9D72A1AD78E8F00BC47F6 /* drinkDishTableCell.xib in Resources */ = {isa = PBXBuildFile; fileRef = DDC9D7291AD78E8F00BC47F6 /* drinkDishTableCell.xib */; };
		DDC9D72C1AD790A200BC47F6 /* DrinkDishTableCell.swift in Sources */ = {isa = PBXBuildFile; fileRef = DDC9D72B1AD790A200BC47F6 /* DrinkDishTableCell.swift */; };
		DDC9D72E1AD7922700BC47F6 /* DrinkDish.swift in Sources */ = {isa = PBXBuildFile; fileRef = DDC9D72D1AD7922700BC47F6 /* DrinkDish.swift */; };
		DDC9D7301AD79DE300BC47F6 /* restaurantTableCell.xib in Resources */ = {isa = PBXBuildFile; fileRef = DDC9D72F1AD79DE300BC47F6 /* restaurantTableCell.xib */; };
		DDF851DC1ADF746200FB6506 /* EventSpecialViewController.swift in Sources */ = {isa = PBXBuildFile; fileRef = DDF851DB1ADF746200FB6506 /* EventSpecialViewController.swift */; };
/* End PBXBuildFile section */

/* Begin PBXBuildRule section */
		DDEA83611AE0E4A400BB3A13 /* PBXBuildRule */ = {
			isa = PBXBuildRule;
			compilerSpec = com.apple.compilers.proxy.script;
			fileType = pattern.proxy;
			isEditable = 1;
			outputFiles = (
			);
			script = "";
		};
/* End PBXBuildRule section */

/* Begin PBXContainerItemProxy section */
		DDACE2271AD0A02000C65558 /* PBXContainerItemProxy */ = {
			isa = PBXContainerItemProxy;
			containerPortal = DDACE2091AD0A02000C65558 /* Project object */;
			proxyType = 1;
			remoteGlobalIDString = DDACE2101AD0A02000C65558;
			remoteInfo = NoshNosh;
		};
/* End PBXContainerItemProxy section */

/* Begin PBXFileReference section */
		DD0ABE271AE3452A00FEBBFA /* CoreData.framework */ = {isa = PBXFileReference; lastKnownFileType = wrapper.framework; name = CoreData.framework; path = System/Library/Frameworks/CoreData.framework; sourceTree = SDKROOT; };
		DD0ABE2A1AE3458300FEBBFA /* NoshNosh.xcdatamodel */ = {isa = PBXFileReference; lastKnownFileType = wrapper.xcdatamodel; path = NoshNosh.xcdatamodel; sourceTree = "<group>"; };
		DD0ABE2C1AE348E400FEBBFA /* RestaurantItem.swift */ = {isa = PBXFileReference; fileEncoding = 4; lastKnownFileType = sourcecode.swift; path = RestaurantItem.swift; sourceTree = "<group>"; };
		DD39556A1ADB5A19004F4D3E /* DataManager.swift */ = {isa = PBXFileReference; fileEncoding = 4; lastKnownFileType = sourcecode.swift; path = DataManager.swift; sourceTree = "<group>"; };
		DD39556E1ADB5E04004F4D3E /* SwiftyJSON.swift */ = {isa = PBXFileReference; fileEncoding = 4; lastKnownFileType = sourcecode.swift; path = SwiftyJSON.swift; sourceTree = "<group>"; };
		DD50A1F81AE4791200DBA06A /* PKHUD.h */ = {isa = PBXFileReference; fileEncoding = 4; lastKnownFileType = sourcecode.c.h; path = PKHUD.h; sourceTree = "<group>"; };
		DD50A1F91AE4791200DBA06A /* PKHUD.swift */ = {isa = PBXFileReference; fileEncoding = 4; lastKnownFileType = sourcecode.swift; path = PKHUD.swift; sourceTree = "<group>"; };
		DD50A1FA1AE4791200DBA06A /* PKHUDAssets.swift */ = {isa = PBXFileReference; fileEncoding = 4; lastKnownFileType = sourcecode.swift; path = PKHUDAssets.swift; sourceTree = "<group>"; };
		DD50A1FB1AE4791200DBA06A /* PKHUDContentView.swift */ = {isa = PBXFileReference; fileEncoding = 4; lastKnownFileType = sourcecode.swift; path = PKHUDContentView.swift; sourceTree = "<group>"; };
		DD50A1FC1AE4791200DBA06A /* FrameView.swift */ = {isa = PBXFileReference; fileEncoding = 4; lastKnownFileType = sourcecode.swift; path = FrameView.swift; sourceTree = "<group>"; };
		DD50A1FD1AE4791200DBA06A /* Window.swift */ = {isa = PBXFileReference; fileEncoding = 4; lastKnownFileType = sourcecode.swift; path = Window.swift; sourceTree = "<group>"; };
		DD50A1FE1AE4791200DBA06A /* WindowRootViewController.swift */ = {isa = PBXFileReference; fileEncoding = 4; lastKnownFileType = sourcecode.swift; path = WindowRootViewController.swift; sourceTree = "<group>"; };
		DD50A2001AE4791200DBA06A /* Images.xcassets */ = {isa = PBXFileReference; lastKnownFileType = folder.assetcatalog; path = Images.xcassets; sourceTree = "<group>"; };
		DD50A2011AE4791200DBA06A /* Info.plist */ = {isa = PBXFileReference; fileEncoding = 4; lastKnownFileType = text.plist.xml; path = Info.plist; sourceTree = "<group>"; };
		DD62107D1AD577CB005F9629 /* Restaurant.swift */ = {isa = PBXFileReference; fileEncoding = 4; lastKnownFileType = sourcecode.swift; path = Restaurant.swift; sourceTree = "<group>"; };
		DD6BFBB11ADE3642000D0D1A /* RestaurantViewController.swift */ = {isa = PBXFileReference; fileEncoding = 4; lastKnownFileType = sourcecode.swift; path = RestaurantViewController.swift; sourceTree = "<group>"; };
		DD72F4841AD6465C00E8C7FE /* NavigationController.swift */ = {isa = PBXFileReference; fileEncoding = 4; lastKnownFileType = sourcecode.swift; path = NavigationController.swift; sourceTree = "<group>"; };
		DD97E57E1AD4F4B0007E8DAD /* UIColorConverter.swift */ = {isa = PBXFileReference; fileEncoding = 4; lastKnownFileType = sourcecode.swift; path = UIColorConverter.swift; sourceTree = "<group>"; };
		DDA4DA311AD7AE5E001067D3 /* RestaurantTableCell.swift */ = {isa = PBXFileReference; fileEncoding = 4; lastKnownFileType = sourcecode.swift; path = RestaurantTableCell.swift; sourceTree = "<group>"; };
		DDA4DA331AD7C36F001067D3 /* EventsTableCell.swift */ = {isa = PBXFileReference; fileEncoding = 4; lastKnownFileType = sourcecode.swift; path = EventsTableCell.swift; sourceTree = "<group>"; };
		DDA4DA351AD7C3B0001067D3 /* eventsTableCell.xib */ = {isa = PBXFileReference; fileEncoding = 4; lastKnownFileType = file.xib; path = eventsTableCell.xib; sourceTree = "<group>"; };
		DDA4DA371AD7C800001067D3 /* Event.swift */ = {isa = PBXFileReference; fileEncoding = 4; lastKnownFileType = sourcecode.swift; path = Event.swift; sourceTree = "<group>"; };
		DDACE2111AD0A02000C65558 /* NoshNosh.app */ = {isa = PBXFileReference; explicitFileType = wrapper.application; includeInIndex = 0; path = NoshNosh.app; sourceTree = BUILT_PRODUCTS_DIR; };
		DDACE2151AD0A02000C65558 /* Info.plist */ = {isa = PBXFileReference; lastKnownFileType = text.plist.xml; path = Info.plist; sourceTree = "<group>"; };
		DDACE2161AD0A02000C65558 /* AppDelegate.swift */ = {isa = PBXFileReference; lastKnownFileType = sourcecode.swift; path = AppDelegate.swift; sourceTree = "<group>"; };
		DDACE2181AD0A02000C65558 /* LandingPageViewController.swift */ = {isa = PBXFileReference; lastKnownFileType = sourcecode.swift; path = LandingPageViewController.swift; sourceTree = "<group>"; };
		DDACE21B1AD0A02000C65558 /* Base */ = {isa = PBXFileReference; lastKnownFileType = file.storyboard; name = Base; path = Base.lproj/Main.storyboard; sourceTree = "<group>"; };
		DDACE21D1AD0A02000C65558 /* Images.xcassets */ = {isa = PBXFileReference; lastKnownFileType = folder.assetcatalog; path = Images.xcassets; sourceTree = "<group>"; };
		DDACE2201AD0A02000C65558 /* Base */ = {isa = PBXFileReference; lastKnownFileType = file.xib; name = Base; path = Base.lproj/LaunchScreen.xib; sourceTree = "<group>"; };
		DDACE2261AD0A02000C65558 /* NoshNoshTests.xctest */ = {isa = PBXFileReference; explicitFileType = wrapper.cfbundle; includeInIndex = 0; path = NoshNoshTests.xctest; sourceTree = BUILT_PRODUCTS_DIR; };
		DDACE22B1AD0A02000C65558 /* Info.plist */ = {isa = PBXFileReference; lastKnownFileType = text.plist.xml; path = Info.plist; sourceTree = "<group>"; };
		DDACE22C1AD0A02000C65558 /* NoshNoshTests.swift */ = {isa = PBXFileReference; lastKnownFileType = sourcecode.swift; path = NoshNoshTests.swift; sourceTree = "<group>"; };
		DDACE2361AD0A4B900C65558 /* RestaurantListMasterViewController.swift */ = {isa = PBXFileReference; fileEncoding = 4; lastKnownFileType = sourcecode.swift; path = RestaurantListMasterViewController.swift; sourceTree = "<group>"; };
		DDACE2381AD10FC100C65558 /* DrinksDishesListMasterViewController.swift */ = {isa = PBXFileReference; fileEncoding = 4; lastKnownFileType = sourcecode.swift; path = DrinksDishesListMasterViewController.swift; sourceTree = "<group>"; };
		DDACE23A1AD1102E00C65558 /* EventsSpecialListMasterViewController.swift */ = {isa = PBXFileReference; fileEncoding = 4; lastKnownFileType = sourcecode.swift; path = EventsSpecialListMasterViewController.swift; sourceTree = "<group>"; };
		DDACE23C1AD1105600C65558 /* SurpriseMeViewController.swift */ = {isa = PBXFileReference; fileEncoding = 4; lastKnownFileType = sourcecode.swift; path = SurpriseMeViewController.swift; sourceTree = "<group>"; };
		DDC9D7291AD78E8F00BC47F6 /* drinkDishTableCell.xib */ = {isa = PBXFileReference; fileEncoding = 4; lastKnownFileType = file.xib; path = drinkDishTableCell.xib; sourceTree = "<group>"; };
		DDC9D72B1AD790A200BC47F6 /* DrinkDishTableCell.swift */ = {isa = PBXFileReference; fileEncoding = 4; lastKnownFileType = sourcecode.swift; path = DrinkDishTableCell.swift; sourceTree = "<group>"; };
		DDC9D72D1AD7922700BC47F6 /* DrinkDish.swift */ = {isa = PBXFileReference; fileEncoding = 4; lastKnownFileType = sourcecode.swift; path = DrinkDish.swift; sourceTree = "<group>"; };
		DDC9D72F1AD79DE300BC47F6 /* restaurantTableCell.xib */ = {isa = PBXFileReference; fileEncoding = 4; lastKnownFileType = file.xib; path = restaurantTableCell.xib; sourceTree = "<group>"; };
		DDF851DB1ADF746200FB6506 /* EventSpecialViewController.swift */ = {isa = PBXFileReference; fileEncoding = 4; lastKnownFileType = sourcecode.swift; path = EventSpecialViewController.swift; sourceTree = "<group>"; };
/* End PBXFileReference section */

/* Begin PBXFrameworksBuildPhase section */
		DDACE20E1AD0A02000C65558 /* Frameworks */ = {
			isa = PBXFrameworksBuildPhase;
			buildActionMask = 2147483647;
			files = (
				DD0ABE281AE3452A00FEBBFA /* CoreData.framework in Frameworks */,
			);
			runOnlyForDeploymentPostprocessing = 0;
		};
		DDACE2231AD0A02000C65558 /* Frameworks */ = {
			isa = PBXFrameworksBuildPhase;
			buildActionMask = 2147483647;
			files = (
			);
			runOnlyForDeploymentPostprocessing = 0;
		};
/* End PBXFrameworksBuildPhase section */

/* Begin PBXGroup section */
		DD50A1FF1AE4791200DBA06A /* Internal */ = {
			isa = PBXGroup;
			children = (
				DD50A1FC1AE4791200DBA06A /* FrameView.swift */,
				DD50A1FD1AE4791200DBA06A /* Window.swift */,
				DD50A1FE1AE4791200DBA06A /* WindowRootViewController.swift */,
			);
			name = Internal;
			sourceTree = "<group>";
		};
		DD50A2021AE4791200DBA06A /* Supporting Files */ = {
			isa = PBXGroup;
			children = (
				DD50A2011AE4791200DBA06A /* Info.plist */,
			);
			name = "Supporting Files";
			sourceTree = "<group>";
		};
		DD50A2031AE4791200DBA06A /* PKHUD */ = {
			isa = PBXGroup;
			children = (
				DD50A1F81AE4791200DBA06A /* PKHUD.h */,
				DD50A1F91AE4791200DBA06A /* PKHUD.swift */,
				DD50A1FA1AE4791200DBA06A /* PKHUDAssets.swift */,
				DD50A1FB1AE4791200DBA06A /* PKHUDContentView.swift */,
				DD50A1FF1AE4791200DBA06A /* Internal */,
				DD50A2001AE4791200DBA06A /* Images.xcassets */,
				DD50A2021AE4791200DBA06A /* Supporting Files */,
			);
			name = PKHUD;
			path = "../PKHUD-master/PKHUD";
			sourceTree = "<group>";
		};
		DDACE2081AD0A02000C65558 = {
			isa = PBXGroup;
			children = (
				DD0ABE2C1AE348E400FEBBFA /* RestaurantItem.swift */,
				DD0ABE271AE3452A00FEBBFA /* CoreData.framework */,
				DDACE2131AD0A02000C65558 /* NoshNosh */,
				DDACE2291AD0A02000C65558 /* NoshNoshTests */,
				DDACE2121AD0A02000C65558 /* Products */,
			);
			sourceTree = "<group>";
		};
		DDACE2121AD0A02000C65558 /* Products */ = {
			isa = PBXGroup;
			children = (
				DDACE2111AD0A02000C65558 /* NoshNosh.app */,
				DDACE2261AD0A02000C65558 /* NoshNoshTests.xctest */,
			);
			name = Products;
			sourceTree = "<group>";
		};
		DDACE2131AD0A02000C65558 /* NoshNosh */ = {
			isa = PBXGroup;
			children = (
				DD50A2031AE4791200DBA06A /* PKHUD */,
				DDACE2161AD0A02000C65558 /* AppDelegate.swift */,
				DDC9D7261AD78E1100BC47F6 /* Helper */,
				DDC9D7271AD78E2500BC47F6 /* View */,
				DDC9D7281AD78E5000BC47F6 /* Model */,
				DDC9D7251AD78DDA00BC47F6 /* Controller */,
				DDACE2141AD0A02000C65558 /* Supporting Files */,
				DDACE21D1AD0A02000C65558 /* Images.xcassets */,
				DD0ABE291AE3458300FEBBFA /* NoshNosh.xcdatamodeld */,
			);
			path = NoshNosh;
			sourceTree = "<group>";
		};
		DDACE2141AD0A02000C65558 /* Supporting Files */ = {
			isa = PBXGroup;
			children = (
				DDACE2151AD0A02000C65558 /* Info.plist */,
			);
			name = "Supporting Files";
			sourceTree = "<group>";
		};
		DDACE2291AD0A02000C65558 /* NoshNoshTests */ = {
			isa = PBXGroup;
			children = (
				DDACE22C1AD0A02000C65558 /* NoshNoshTests.swift */,
				DDACE22A1AD0A02000C65558 /* Supporting Files */,
			);
			path = NoshNoshTests;
			sourceTree = "<group>";
		};
		DDACE22A1AD0A02000C65558 /* Supporting Files */ = {
			isa = PBXGroup;
			children = (
				DDACE22B1AD0A02000C65558 /* Info.plist */,
			);
			name = "Supporting Files";
			sourceTree = "<group>";
		};
		DDC9D7251AD78DDA00BC47F6 /* Controller */ = {
			isa = PBXGroup;
			children = (
				DD72F4841AD6465C00E8C7FE /* NavigationController.swift */,
				DDACE23C1AD1105600C65558 /* SurpriseMeViewController.swift */,
				DDACE23A1AD1102E00C65558 /* EventsSpecialListMasterViewController.swift */,
				DDACE2381AD10FC100C65558 /* DrinksDishesListMasterViewController.swift */,
				DDACE2361AD0A4B900C65558 /* RestaurantListMasterViewController.swift */,
				DDACE2181AD0A02000C65558 /* LandingPageViewController.swift */,
				DD6BFBB11ADE3642000D0D1A /* RestaurantViewController.swift */,
				DDF851DB1ADF746200FB6506 /* EventSpecialViewController.swift */,
			);
			name = Controller;
			sourceTree = "<group>";
		};
		DDC9D7261AD78E1100BC47F6 /* Helper */ = {
			isa = PBXGroup;
			children = (
				DD97E57E1AD4F4B0007E8DAD /* UIColorConverter.swift */,
			);
			name = Helper;
			sourceTree = "<group>";
		};
		DDC9D7271AD78E2500BC47F6 /* View */ = {
			isa = PBXGroup;
			children = (
				DDACE21A1AD0A02000C65558 /* Main.storyboard */,
				DDACE21F1AD0A02000C65558 /* LaunchScreen.xib */,
				DDC9D7291AD78E8F00BC47F6 /* drinkDishTableCell.xib */,
				DDC9D72F1AD79DE300BC47F6 /* restaurantTableCell.xib */,
				DDA4DA351AD7C3B0001067D3 /* eventsTableCell.xib */,
			);
			name = View;
			sourceTree = "<group>";
		};
		DDC9D7281AD78E5000BC47F6 /* Model */ = {
			isa = PBXGroup;
			children = (
				DD39556E1ADB5E04004F4D3E /* SwiftyJSON.swift */,
				DDC9D72D1AD7922700BC47F6 /* DrinkDish.swift */,
				DDA4DA311AD7AE5E001067D3 /* RestaurantTableCell.swift */,
				DD62107D1AD577CB005F9629 /* Restaurant.swift */,
				DDC9D72B1AD790A200BC47F6 /* DrinkDishTableCell.swift */,
				DDA4DA331AD7C36F001067D3 /* EventsTableCell.swift */,
				DDA4DA371AD7C800001067D3 /* Event.swift */,
				DD39556A1ADB5A19004F4D3E /* DataManager.swift */,
			);
			name = Model;
			sourceTree = "<group>";
		};
/* End PBXGroup section */

/* Begin PBXNativeTarget section */
		DDACE2101AD0A02000C65558 /* NoshNosh */ = {
			isa = PBXNativeTarget;
			buildConfigurationList = DDACE2301AD0A02000C65558 /* Build configuration list for PBXNativeTarget "NoshNosh" */;
			buildPhases = (
				DDACE20D1AD0A02000C65558 /* Sources */,
				DDACE20E1AD0A02000C65558 /* Frameworks */,
				DDACE20F1AD0A02000C65558 /* Resources */,
			);
			buildRules = (
				DDEA83611AE0E4A400BB3A13 /* PBXBuildRule */,
			);
			dependencies = (
			);
			name = NoshNosh;
			productName = NoshNosh;
			productReference = DDACE2111AD0A02000C65558 /* NoshNosh.app */;
			productType = "com.apple.product-type.application";
		};
		DDACE2251AD0A02000C65558 /* NoshNoshTests */ = {
			isa = PBXNativeTarget;
			buildConfigurationList = DDACE2331AD0A02000C65558 /* Build configuration list for PBXNativeTarget "NoshNoshTests" */;
			buildPhases = (
				DDACE2221AD0A02000C65558 /* Sources */,
				DDACE2231AD0A02000C65558 /* Frameworks */,
				DDACE2241AD0A02000C65558 /* Resources */,
			);
			buildRules = (
			);
			dependencies = (
				DDACE2281AD0A02000C65558 /* PBXTargetDependency */,
			);
			name = NoshNoshTests;
			productName = NoshNoshTests;
			productReference = DDACE2261AD0A02000C65558 /* NoshNoshTests.xctest */;
			productType = "com.apple.product-type.bundle.unit-test";
		};
/* End PBXNativeTarget section */

/* Begin PBXProject section */
		DDACE2091AD0A02000C65558 /* Project object */ = {
			isa = PBXProject;
			attributes = {
				LastUpgradeCheck = 0620;
				ORGANIZATIONNAME = wakawaka;
				TargetAttributes = {
					DDACE2101AD0A02000C65558 = {
						CreatedOnToolsVersion = 6.2;
						DevelopmentTeam = 6XPMWWVS52;
					};
					DDACE2251AD0A02000C65558 = {
						CreatedOnToolsVersion = 6.2;
						TestTargetID = DDACE2101AD0A02000C65558;
					};
				};
			};
			buildConfigurationList = DDACE20C1AD0A02000C65558 /* Build configuration list for PBXProject "NoshNosh" */;
			compatibilityVersion = "Xcode 3.2";
			developmentRegion = English;
			hasScannedForEncodings = 0;
			knownRegions = (
				en,
				Base,
			);
			mainGroup = DDACE2081AD0A02000C65558;
			productRefGroup = DDACE2121AD0A02000C65558 /* Products */;
			projectDirPath = "";
			projectRoot = "";
			targets = (
				DDACE2101AD0A02000C65558 /* NoshNosh */,
				DDACE2251AD0A02000C65558 /* NoshNoshTests */,
			);
		};
/* End PBXProject section */

/* Begin PBXResourcesBuildPhase section */
		DDACE20F1AD0A02000C65558 /* Resources */ = {
			isa = PBXResourcesBuildPhase;
			buildActionMask = 2147483647;
			files = (
				DD50A20B1AE4791300DBA06A /* Info.plist in Resources */,
				DDACE21C1AD0A02000C65558 /* Main.storyboard in Resources */,
				DDC9D72A1AD78E8F00BC47F6 /* drinkDishTableCell.xib in Resources */,
				DD50A20A1AE4791300DBA06A /* Images.xcassets in Resources */,
				DDC9D7301AD79DE300BC47F6 /* restaurantTableCell.xib in Resources */,
				DDA4DA361AD7C3B0001067D3 /* eventsTableCell.xib in Resources */,
				DDACE2211AD0A02000C65558 /* LaunchScreen.xib in Resources */,
				DDACE21E1AD0A02000C65558 /* Images.xcassets in Resources */,
			);
			runOnlyForDeploymentPostprocessing = 0;
		};
		DDACE2241AD0A02000C65558 /* Resources */ = {
			isa = PBXResourcesBuildPhase;
			buildActionMask = 2147483647;
			files = (
			);
			runOnlyForDeploymentPostprocessing = 0;
		};
/* End PBXResourcesBuildPhase section */

/* Begin PBXSourcesBuildPhase section */
		DDACE20D1AD0A02000C65558 /* Sources */ = {
			isa = PBXSourcesBuildPhase;
			buildActionMask = 2147483647;
			files = (
				DD50A2071AE4791300DBA06A /* FrameView.swift in Sources */,
				DD50A2081AE4791300DBA06A /* Window.swift in Sources */,
				DDACE2191AD0A02000C65558 /* LandingPageViewController.swift in Sources */,
				DD50A2041AE4791300DBA06A /* PKHUD.swift in Sources */,
				DD50A2091AE4791300DBA06A /* WindowRootViewController.swift in Sources */,
				DD39556B1ADB5A19004F4D3E /* DataManager.swift in Sources */,
				DDA4DA321AD7AE5E001067D3 /* RestaurantTableCell.swift in Sources */,
				DDACE23D1AD1105600C65558 /* SurpriseMeViewController.swift in Sources */,
				DD97E57F1AD4F4B0007E8DAD /* UIColorConverter.swift in Sources */,
				DD0ABE2B1AE3458300FEBBFA /* NoshNosh.xcdatamodeld in Sources */,
				DDACE23B1AD1102E00C65558 /* EventsSpecialListMasterViewController.swift in Sources */,
				DD0ABE2D1AE348E400FEBBFA /* RestaurantItem.swift in Sources */,
				DDF851DC1ADF746200FB6506 /* EventSpecialViewController.swift in Sources */,
				DD72F4851AD6465C00E8C7FE /* NavigationController.swift in Sources */,
				DD62107E1AD577CB005F9629 /* Restaurant.swift in Sources */,
				DDACE2171AD0A02000C65558 /* AppDelegate.swift in Sources */,
				DDACE2371AD0A4B900C65558 /* RestaurantListMasterViewController.swift in Sources */,
				DD6BFBB21ADE3642000D0D1A /* RestaurantViewController.swift in Sources */,
				DD50A2061AE4791300DBA06A /* PKHUDContentView.swift in Sources */,
				DD50A2051AE4791300DBA06A /* PKHUDAssets.swift in Sources */,
				DDACE2391AD10FC100C65558 /* DrinksDishesListMasterViewController.swift in Sources */,
				DD39556F1ADB5E04004F4D3E /* SwiftyJSON.swift in Sources */,
				DDA4DA341AD7C36F001067D3 /* EventsTableCell.swift in Sources */,
				DDC9D72E1AD7922700BC47F6 /* DrinkDish.swift in Sources */,
				DDA4DA381AD7C800001067D3 /* Event.swift in Sources */,
				DDC9D72C1AD790A200BC47F6 /* DrinkDishTableCell.swift in Sources */,
			);
			runOnlyForDeploymentPostprocessing = 0;
		};
		DDACE2221AD0A02000C65558 /* Sources */ = {
			isa = PBXSourcesBuildPhase;
			buildActionMask = 2147483647;
			files = (
				DDACE22D1AD0A02000C65558 /* NoshNoshTests.swift in Sources */,
				DD3955701ADB5E04004F4D3E /* SwiftyJSON.swift in Sources */,
			);
			runOnlyForDeploymentPostprocessing = 0;
		};
/* End PBXSourcesBuildPhase section */

/* Begin PBXTargetDependency section */
		DDACE2281AD0A02000C65558 /* PBXTargetDependency */ = {
			isa = PBXTargetDependency;
			target = DDACE2101AD0A02000C65558 /* NoshNosh */;
			targetProxy = DDACE2271AD0A02000C65558 /* PBXContainerItemProxy */;
		};
/* End PBXTargetDependency section */

/* Begin PBXVariantGroup section */
		DDACE21A1AD0A02000C65558 /* Main.storyboard */ = {
			isa = PBXVariantGroup;
			children = (
				DDACE21B1AD0A02000C65558 /* Base */,
			);
			name = Main.storyboard;
			sourceTree = "<group>";
		};
		DDACE21F1AD0A02000C65558 /* LaunchScreen.xib */ = {
			isa = PBXVariantGroup;
			children = (
				DDACE2201AD0A02000C65558 /* Base */,
			);
			name = LaunchScreen.xib;
			sourceTree = "<group>";
		};
/* End PBXVariantGroup section */

/* Begin XCBuildConfiguration section */
		DDACE22E1AD0A02000C65558 /* Debug */ = {
			isa = XCBuildConfiguration;
			buildSettings = {
				ALWAYS_SEARCH_USER_PATHS = NO;
				CLANG_CXX_LANGUAGE_STANDARD = "gnu++0x";
				CLANG_CXX_LIBRARY = "libc++";
				CLANG_ENABLE_MODULES = YES;
				CLANG_ENABLE_OBJC_ARC = YES;
				CLANG_WARN_BOOL_CONVERSION = YES;
				CLANG_WARN_CONSTANT_CONVERSION = YES;
				CLANG_WARN_DIRECT_OBJC_ISA_USAGE = YES_ERROR;
				CLANG_WARN_EMPTY_BODY = YES;
				CLANG_WARN_ENUM_CONVERSION = YES;
				CLANG_WARN_INT_CONVERSION = YES;
				CLANG_WARN_OBJC_ROOT_CLASS = YES_ERROR;
				CLANG_WARN_UNREACHABLE_CODE = YES;
				CLANG_WARN__DUPLICATE_METHOD_MATCH = YES;
				"CODE_SIGN_IDENTITY[sdk=iphoneos*]" = "iPhone Developer";
				COPY_PHASE_STRIP = NO;
				ENABLE_STRICT_OBJC_MSGSEND = YES;
				GCC_C_LANGUAGE_STANDARD = gnu99;
				GCC_DYNAMIC_NO_PIC = NO;
				GCC_OPTIMIZATION_LEVEL = 0;
				GCC_PREPROCESSOR_DEFINITIONS = (
					"DEBUG=1",
					"$(inherited)",
				);
				GCC_SYMBOLS_PRIVATE_EXTERN = NO;
				GCC_WARN_64_TO_32_BIT_CONVERSION = YES;
				GCC_WARN_ABOUT_RETURN_TYPE = YES_ERROR;
				GCC_WARN_UNDECLARED_SELECTOR = YES;
				GCC_WARN_UNINITIALIZED_AUTOS = YES_AGGRESSIVE;
				GCC_WARN_UNUSED_FUNCTION = YES;
				GCC_WARN_UNUSED_VARIABLE = YES;
				IPHONEOS_DEPLOYMENT_TARGET = 8.2;
				MTL_ENABLE_DEBUG_INFO = YES;
				ONLY_ACTIVE_ARCH = YES;
				SDKROOT = iphoneos;
				SWIFT_OPTIMIZATION_LEVEL = "-Onone";
			};
			name = Debug;
		};
		DDACE22F1AD0A02000C65558 /* Release */ = {
			isa = XCBuildConfiguration;
			buildSettings = {
				ALWAYS_SEARCH_USER_PATHS = NO;
				CLANG_CXX_LANGUAGE_STANDARD = "gnu++0x";
				CLANG_CXX_LIBRARY = "libc++";
				CLANG_ENABLE_MODULES = YES;
				CLANG_ENABLE_OBJC_ARC = YES;
				CLANG_WARN_BOOL_CONVERSION = YES;
				CLANG_WARN_CONSTANT_CONVERSION = YES;
				CLANG_WARN_DIRECT_OBJC_ISA_USAGE = YES_ERROR;
				CLANG_WARN_EMPTY_BODY = YES;
				CLANG_WARN_ENUM_CONVERSION = YES;
				CLANG_WARN_INT_CONVERSION = YES;
				CLANG_WARN_OBJC_ROOT_CLASS = YES_ERROR;
				CLANG_WARN_UNREACHABLE_CODE = YES;
				CLANG_WARN__DUPLICATE_METHOD_MATCH = YES;
				"CODE_SIGN_IDENTITY[sdk=iphoneos*]" = "iPhone Developer";
				COPY_PHASE_STRIP = NO;
				ENABLE_NS_ASSERTIONS = NO;
				ENABLE_STRICT_OBJC_MSGSEND = YES;
				GCC_C_LANGUAGE_STANDARD = gnu99;
				GCC_WARN_64_TO_32_BIT_CONVERSION = YES;
				GCC_WARN_ABOUT_RETURN_TYPE = YES_ERROR;
				GCC_WARN_UNDECLARED_SELECTOR = YES;
				GCC_WARN_UNINITIALIZED_AUTOS = YES_AGGRESSIVE;
				GCC_WARN_UNUSED_FUNCTION = YES;
				GCC_WARN_UNUSED_VARIABLE = YES;
				IPHONEOS_DEPLOYMENT_TARGET = 8.2;
				MTL_ENABLE_DEBUG_INFO = NO;
				SDKROOT = iphoneos;
				VALIDATE_PRODUCT = YES;
			};
			name = Release;
		};
		DDACE2311AD0A02000C65558 /* Debug */ = {
			isa = XCBuildConfiguration;
			buildSettings = {
				ASSETCATALOG_COMPILER_APPICON_NAME = AppIcon;
				CODE_SIGN_IDENTITY = "iPhone Developer";
				"CODE_SIGN_IDENTITY[sdk=iphoneos*]" = "iPhone Developer";
				FRAMEWORK_SEARCH_PATHS = (
					"$(inherited)",
					"$(PROJECT_DIR)",
				);
				INFOPLIST_FILE = NoshNosh/Info.plist;
				LD_RUNPATH_SEARCH_PATHS = "$(inherited) @executable_path/Frameworks";
				PRODUCT_NAME = "$(TARGET_NAME)";
				PROVISIONING_PROFILE = "";
			};
			name = Debug;
		};
		DDACE2321AD0A02000C65558 /* Release */ = {
			isa = XCBuildConfiguration;
			buildSettings = {
				ASSETCATALOG_COMPILER_APPICON_NAME = AppIcon;
				CODE_SIGN_IDENTITY = "iPhone Developer";
				"CODE_SIGN_IDENTITY[sdk=iphoneos*]" = "iPhone Developer";
				FRAMEWORK_SEARCH_PATHS = (
					"$(inherited)",
					"$(PROJECT_DIR)",
				);
				INFOPLIST_FILE = NoshNosh/Info.plist;
				LD_RUNPATH_SEARCH_PATHS = "$(inherited) @executable_path/Frameworks";
				PRODUCT_NAME = "$(TARGET_NAME)";
				PROVISIONING_PROFILE = "";
			};
			name = Release;
		};
		DDACE2341AD0A02000C65558 /* Debug */ = {
			isa = XCBuildConfiguration;
			buildSettings = {
				BUNDLE_LOADER = "$(TEST_HOST)";
				FRAMEWORK_SEARCH_PATHS = (
					"$(SDKROOT)/Developer/Library/Frameworks",
					"$(inherited)",
				);
				GCC_PREPROCESSOR_DEFINITIONS = (
					"DEBUG=1",
					"$(inherited)",
				);
				INFOPLIST_FILE = NoshNoshTests/Info.plist;
				LD_RUNPATH_SEARCH_PATHS = "$(inherited) @executable_path/Frameworks @loader_path/Frameworks";
				PRODUCT_NAME = "$(TARGET_NAME)";
				TEST_HOST = "$(BUILT_PRODUCTS_DIR)/NoshNosh.app/NoshNosh";
			};
			name = Debug;
		};
		DDACE2351AD0A02000C65558 /* Release */ = {
			isa = XCBuildConfiguration;
			buildSettings = {
				BUNDLE_LOADER = "$(TEST_HOST)";
				FRAMEWORK_SEARCH_PATHS = (
					"$(SDKROOT)/Developer/Library/Frameworks",
					"$(inherited)",
				);
				INFOPLIST_FILE = NoshNoshTests/Info.plist;
				LD_RUNPATH_SEARCH_PATHS = "$(inherited) @executable_path/Frameworks @loader_path/Frameworks";
				PRODUCT_NAME = "$(TARGET_NAME)";
				TEST_HOST = "$(BUILT_PRODUCTS_DIR)/NoshNosh.app/NoshNosh";
			};
			name = Release;
		};
/* End XCBuildConfiguration section */

/* Begin XCConfigurationList section */
		DDACE20C1AD0A02000C65558 /* Build configuration list for PBXProject "NoshNosh" */ = {
			isa = XCConfigurationList;
			buildConfigurations = (
				DDACE22E1AD0A02000C65558 /* Debug */,
				DDACE22F1AD0A02000C65558 /* Release */,
			);
			defaultConfigurationIsVisible = 0;
			defaultConfigurationName = Release;
		};
		DDACE2301AD0A02000C65558 /* Build configuration list for PBXNativeTarget "NoshNosh" */ = {
			isa = XCConfigurationList;
			buildConfigurations = (
				DDACE2311AD0A02000C65558 /* Debug */,
				DDACE2321AD0A02000C65558 /* Release */,
			);
			defaultConfigurationIsVisible = 0;
			defaultConfigurationName = Release;
		};
		DDACE2331AD0A02000C65558 /* Build configuration list for PBXNativeTarget "NoshNoshTests" */ = {
			isa = XCConfigurationList;
			buildConfigurations = (
				DDACE2341AD0A02000C65558 /* Debug */,
				DDACE2351AD0A02000C65558 /* Release */,
			);
			defaultConfigurationIsVisible = 0;
			defaultConfigurationName = Release;
		};
/* End XCConfigurationList section */

/* Begin XCVersionGroup section */
		DD0ABE291AE3458300FEBBFA /* NoshNosh.xcdatamodeld */ = {
			isa = XCVersionGroup;
			children = (
				DD0ABE2A1AE3458300FEBBFA /* NoshNosh.xcdatamodel */,
			);
			currentVersion = DD0ABE2A1AE3458300FEBBFA /* NoshNosh.xcdatamodel */;
			path = NoshNosh.xcdatamodeld;
			sourceTree = "<group>";
			versionGroupType = wrapper.xcdatamodel;
		};
/* End XCVersionGroup section */
	};
	rootObject = DDACE2091AD0A02000C65558 /* Project object */;
}
